// !$*UTF8*$!
{
	archiveVersion = 1;
	classes = {
	};
	objectVersion = 48;
	objects = {

/* Begin PBXBuildFile section */
		FD95482F203F0CAA00F0E9C9 /* AppDelegate.swift in Sources */ = {isa = PBXBuildFile; fileRef = FD95482E203F0CAA00F0E9C9 /* AppDelegate.swift */; };
		FD954831203F0CAA00F0E9C9 /* ViewController.swift in Sources */ = {isa = PBXBuildFile; fileRef = FD954830203F0CAA00F0E9C9 /* ViewController.swift */; };
		FD954834203F0CAA00F0E9C9 /* Main.storyboard in Resources */ = {isa = PBXBuildFile; fileRef = FD954832203F0CAA00F0E9C9 /* Main.storyboard */; };
		FD954836203F0CAA00F0E9C9 /* Assets.xcassets in Resources */ = {isa = PBXBuildFile; fileRef = FD954835203F0CAA00F0E9C9 /* Assets.xcassets */; };
		FD954839203F0CAA00F0E9C9 /* LaunchScreen.storyboard in Resources */ = {isa = PBXBuildFile; fileRef = FD954837203F0CAA00F0E9C9 /* LaunchScreen.storyboard */; };
/* End PBXBuildFile section */

/* Begin PBXFileReference section */
		FD95482B203F0CAA00F0E9C9 /* Timer.app */ = {isa = PBXFileReference; explicitFileType = wrapper.application; includeInIndex = 0; path = Timer.app; sourceTree = BUILT_PRODUCTS_DIR; };
		FD95482E203F0CAA00F0E9C9 /* AppDelegate.swift */ = {isa = PBXFileReference; lastKnownFileType = sourcecode.swift; path = AppDelegate.swift; sourceTree = "<group>"; };
		FD954830203F0CAA00F0E9C9 /* ViewController.swift */ = {isa = PBXFileReference; lastKnownFileType = sourcecode.swift; path = ViewController.swift; sourceTree = "<group>"; };
		FD954833203F0CAA00F0E9C9 /* Base */ = {isa = PBXFileReference; lastKnownFileType = file.storyboard; name = Base; path = Base.lproj/Main.storyboard; sourceTree = "<group>"; };
		FD954835203F0CAA00F0E9C9 /* Assets.xcassets */ = {isa = PBXFileReference; lastKnownFileType = folder.assetcatalog; path = Assets.xcassets; sourceTree = "<group>"; };
		FD954838203F0CAA00F0E9C9 /* Base */ = {isa = PBXFileReference; lastKnownFileType = file.storyboard; name = Base; path = Base.lproj/LaunchScreen.storyboard; sourceTree = "<group>"; };
		FD95483A203F0CAA00F0E9C9 /* Info.plist */ = {isa = PBXFileReference; lastKnownFileType = text.plist.xml; path = Info.plist; sourceTree = "<group>"; };
/* End PBXFileReference section */

/* Begin PBXFrameworksBuildPhase section */
		FD954828203F0CAA00F0E9C9 /* Frameworks */ = {
			isa = PBXFrameworksBuildPhase;
			buildActionMask = 2147483647;
			files = (
			);
			runOnlyForDeploymentPostprocessing = 0;
		};
/* End PBXFrameworksBuildPhase section */

/* Begin PBXGroup section */
		FD954822203F0CAA00F0E9C9 = {
			isa = PBXGroup;
			children = (
				FD95482D203F0CAA00F0E9C9 /* Timer */,
				FD95482C203F0CAA00F0E9C9 /* Products */,
			);
			sourceTree = "<group>";
		};
		FD95482C203F0CAA00F0E9C9 /* Products */ = {
			isa = PBXGroup;
			children = (
				FD95482B203F0CAA00F0E9C9 /* Timer.app */,
			);
			name = Products;
			sourceTree = "<group>";
		};
		FD95482D203F0CAA00F0E9C9 /* Timer */ = {
			isa = PBXGroup;
			children = (
				FD95482E203F0CAA00F0E9C9 /* AppDelegate.swift */,
				FD954830203F0CAA00F0E9C9 /* ViewController.swift */,
				FD954832203F0CAA00F0E9C9 /* Main.storyboard */,
				FD954835203F0CAA00F0E9C9 /* Assets.xcassets */,
				FD954837203F0CAA00F0E9C9 /* LaunchScreen.storyboard */,
				FD95483A203F0CAA00F0E9C9 /* Info.plist */,
			);
			path = Timer;
			sourceTree = "<group>";
		};
/* End PBXGroup section */

/* Begin PBXNativeTarget section */
		FD95482A203F0CAA00F0E9C9 /* Timer */ = {
			isa = PBXNativeTarget;
			buildConfigurationList = FD95483D203F0CAA00F0E9C9 /* Build configuration list for PBXNativeTarget "Timer" */;
			buildPhases = (
				FD954827203F0CAA00F0E9C9 /* Sources */,
				FD954828203F0CAA00F0E9C9 /* Frameworks */,
				FD954829203F0CAA00F0E9C9 /* Resources */,
			);
			buildRules = (
			);
			dependencies = (
			);
			name = Timer;
			productName = Timer;
			productReference = FD95482B203F0CAA00F0E9C9 /* Timer.app */;
			productType = "com.apple.product-type.application";
		};
/* End PBXNativeTarget section */

/* Begin PBXProject section */
		FD954823203F0CAA00F0E9C9 /* Project object */ = {
			isa = PBXProject;
			attributes = {
				LastSwiftUpdateCheck = 0920;
				LastUpgradeCheck = 0920;
				ORGANIZATIONNAME = "Swift-beginners";
				TargetAttributes = {
					FD95482A203F0CAA00F0E9C9 = {
						CreatedOnToolsVersion = 9.2;
						ProvisioningStyle = Automatic;
					};
				};
			};
			buildConfigurationList = FD954826203F0CAA00F0E9C9 /* Build configuration list for PBXProject "Timer" */;
			compatibilityVersion = "Xcode 8.0";
			developmentRegion = en;
			hasScannedForEncodings = 0;
			knownRegions = (
				en,
				Base,
			);
			mainGroup = FD954822203F0CAA00F0E9C9;
			productRefGroup = FD95482C203F0CAA00F0E9C9 /* Products */;
			projectDirPath = "";
			projectRoot = "";
			targets = (
				FD95482A203F0CAA00F0E9C9 /* Timer */,
			);
		};
/* End PBXProject section */

/* Begin PBXResourcesBuildPhase section */
		FD954829203F0CAA00F0E9C9 /* Resources */ = {
			isa = PBXResourcesBuildPhase;
			buildActionMask = 2147483647;
			files = (
				FD954839203F0CAA00F0E9C9 /* LaunchScreen.storyboard in Resources */,
				FD954836203F0CAA00F0E9C9 /* Assets.xcassets in Resources */,
				FD954834203F0CAA00F0E9C9 /* Main.storyboard in Resources */,
			);
			runOnlyForDeploymentPostprocessing = 0;
		};
/* End PBXResourcesBuildPhase section */

/* Begin PBXSourcesBuildPhase section */
		FD954827203F0CAA00F0E9C9 /* Sources */ = {
			isa = PBXSourcesBuildPhase;
			buildActionMask = 2147483647;
			files = (
				FD954831203F0CAA00F0E9C9 /* ViewController.swift in Sources */,
				FD95482F203F0CAA00F0E9C9 /* AppDelegate.swift in Sources */,
			);
			runOnlyForDeploymentPostprocessing = 0;
		};
/* End PBXSourcesBuildPhase section */

/* Begin PBXVariantGroup section */
		FD954832203F0CAA00F0E9C9 /* Main.storyboard */ = {
			isa = PBXVariantGroup;
			children = (
				FD954833203F0CAA00F0E9C9 /* Base */,
			);
			name = Main.storyboard;
			sourceTree = "<group>";
		};
		FD954837203F0CAA00F0E9C9 /* LaunchScreen.storyboard */ = {
			isa = PBXVariantGroup;
			children = (
				FD954838203F0CAA00F0E9C9 /* Base */,
			);
			name = LaunchScreen.storyboard;
			sourceTree = "<group>";
		};
/* End PBXVariantGroup section */

/* Begin XCBuildConfiguration section */
		FD95483B203F0CAA00F0E9C9 /* Debug */ = {
			isa = XCBuildConfiguration;
			buildSettings = {
				ALWAYS_SEARCH_USER_PATHS = NO;
				CLANG_ANALYZER_NONNULL = YES;
				CLANG_ANALYZER_NUMBER_OBJECT_CONVERSION = YES_AGGRESSIVE;
				CLANG_CXX_LANGUAGE_STANDARD = "gnu++14";
				CLANG_CXX_LIBRARY = "libc++";
				CLANG_ENABLE_MODULES = YES;
				CLANG_ENABLE_OBJC_ARC = YES;
				CLANG_WARN_BLOCK_CAPTURE_AUTORELEASING = YES;
				CLANG_WARN_BOOL_CONVERSION = YES;
				CLANG_WARN_COMMA = YES;
				CLANG_WARN_CONSTANT_CONVERSION = YES;
				CLANG_WARN_DIRECT_OBJC_ISA_USAGE = YES_ERROR;
				CLANG_WARN_DOCUMENTATION_COMMENTS = YES;
				CLANG_WARN_EMPTY_BODY = YES;
				CLANG_WARN_ENUM_CONVERSION = YES;
				CLANG_WARN_INFINITE_RECURSION = YES;
				CLANG_WARN_INT_CONVERSION = YES;
				CLANG_WARN_NON_LITERAL_NULL_CONVERSION = YES;
				CLANG_WARN_OBJC_LITERAL_CONVERSION = YES;
				CLANG_WARN_OBJC_ROOT_CLASS = YES_ERROR;
				CLANG_WARN_RANGE_LOOP_ANALYSIS = YES;
				CLANG_WARN_STRICT_PROTOTYPES = YES;
				CLANG_WARN_SUSPICIOUS_MOVE = YES;
				CLANG_WARN_UNGUARDED_AVAILABILITY = YES_AGGRESSIVE;
				CLANG_WARN_UNREACHABLE_CODE = YES;
				CLANG_WARN__DUPLICATE_METHOD_MATCH = YES;
				CODE_SIGN_IDENTITY = "iPhone Developer";
				COPY_PHASE_STRIP = NO;
				DEBUG_INFORMATION_FORMAT = dwarf;
				ENABLE_STRICT_OBJC_MSGSEND = YES;
				ENABLE_TESTABILITY = YES;
				GCC_C_LANGUAGE_STANDARD = gnu11;
				GCC_DYNAMIC_NO_PIC = NO;
				GCC_NO_COMMON_BLOCKS = YES;
				GCC_OPTIMIZATION_LEVEL = 0;
				GCC_PREPROCESSOR_DEFINITIONS = (
					"DEBUG=1",
					"$(inherited)",
				);
				GCC_WARN_64_TO_32_BIT_CONVERSION = YES;
				GCC_WARN_ABOUT_RETURN_TYPE = YES_ERROR;
				GCC_WARN_UNDECLARED_SELECTOR = YES;
				GCC_WARN_UNINITIALIZED_AUTOS = YES_AGGRESSIVE;
				GCC_WARN_UNUSED_FUNCTION = YES;
				GCC_WARN_UNUSED_VARIABLE = YES;
				IPHONEOS_DEPLOYMENT_TARGET = 11.2;
				MTL_ENABLE_DEBUG_INFO = YES;
				ONLY_ACTIVE_ARCH = YES;
				SDKROOT = iphoneos;
				SWIFT_ACTIVE_COMPILATION_CONDITIONS = DEBUG;
				SWIFT_OPTIMIZATION_LEVEL = "-Onone";
			};
			name = Debug;
		};
		FD95483C203F0CAA00F0E9C9 /* Release */ = {
			isa = XCBuildConfiguration;
			buildSettings = {
				ALWAYS_SEARCH_USER_PATHS = NO;
				CLANG_ANALYZER_NONNULL = YES;
				CLANG_ANALYZER_NUMBER_OBJECT_CONVERSION = YES_AGGRESSIVE;
				CLANG_CXX_LANGUAGE_STANDARD = "gnu++14";
				CLANG_CXX_LIBRARY = "libc++";
				CLANG_ENABLE_MODULES = YES;
				CLANG_ENABLE_OBJC_ARC = YES;
				CLANG_WARN_BLOCK_CAPTURE_AUTORELEASING = YES;
				CLANG_WARN_BOOL_CONVERSION = YES;
				CLANG_WARN_COMMA = YES;
				CLANG_WARN_CONSTANT_CONVERSION = YES;
				CLANG_WARN_DIRECT_OBJC_ISA_USAGE = YES_ERROR;
				CLANG_WARN_DOCUMENTATION_COMMENTS = YES;
				CLANG_WARN_EMPTY_BODY = YES;
				CLANG_WARN_ENUM_CONVERSION = YES;
				CLANG_WARN_INFINITE_RECURSION = YES;
				CLANG_WARN_INT_CONVERSION = YES;
				CLANG_WARN_NON_LITERAL_NULL_CONVERSION = YES;
				CLANG_WARN_OBJC_LITERAL_CONVERSION = YES;
				CLANG_WARN_OBJC_ROOT_CLASS = YES_ERROR;
				CLANG_WARN_RANGE_LOOP_ANALYSIS = YES;
				CLANG_WARN_STRICT_PROTOTYPES = YES;
				CLANG_WARN_SUSPICIOUS_MOVE = YES;
				CLANG_WARN_UNGUARDED_AVAILABILITY = YES_AGGRESSIVE;
				CLANG_WARN_UNREACHABLE_CODE = YES;
				CLANG_WARN__DUPLICATE_METHOD_MATCH = YES;
				CODE_SIGN_IDENTITY = "iPhone Developer";
				COPY_PHASE_STRIP = NO;
				DEBUG_INFORMATION_FORMAT = "dwarf-with-dsym";
				ENABLE_NS_ASSERTIONS = NO;
				ENABLE_STRICT_OBJC_MSGSEND = YES;
				GCC_C_LANGUAGE_STANDARD = gnu11;
				GCC_NO_COMMON_BLOCKS = YES;
				GCC_WARN_64_TO_32_BIT_CONVERSION = YES;
				GCC_WARN_ABOUT_RETURN_TYPE = YES_ERROR;
				GCC_WARN_UNDECLARED_SELECTOR = YES;
				GCC_WARN_UNINITIALIZED_AUTOS = YES_AGGRESSIVE;
				GCC_WARN_UNUSED_FUNCTION = YES;
				GCC_WARN_UNUSED_VARIABLE = YES;
				IPHONEOS_DEPLOYMENT_TARGET = 11.2;
				MTL_ENABLE_DEBUG_INFO = NO;
				SDKROOT = iphoneos;
				SWIFT_OPTIMIZATION_LEVEL = "-Owholemodule";
				VALIDATE_PRODUCT = YES;
			};
			name = Release;
		};
		FD95483E203F0CAA00F0E9C9 /* Debug */ = {
			isa = XCBuildConfiguration;
			buildSettings = {
				ASSETCATALOG_COMPILER_APPICON_NAME = AppIcon;
				CODE_SIGN_STYLE = Automatic;
				DEVELOPMENT_TEAM = QWY8CP674Q;
				INFOPLIST_FILE = Timer/Info.plist;
				LD_RUNPATH_SEARCH_PATHS = "$(inherited) @executable_path/Frameworks";
				PRODUCT_BUNDLE_IDENTIFIER = "Swift-beginners2.Timer";
				PRODUCT_NAME = "$(TARGET_NAME)";
				SWIFT_VERSION = 4.0;
				TARGETED_DEVICE_FAMILY = "1,2";
			};
			name = Debug;
		};
		FD95483F203F0CAA00F0E9C9 /* Release */ = {
			isa = XCBuildConfiguration;
			buildSettings = {
				ASSETCATALOG_COMPILER_APPICON_NAME = AppIcon;
				CODE_SIGN_STYLE = Automatic;
				DEVELOPMENT_TEAM = QWY8CP674Q;
				INFOPLIST_FILE = Timer/Info.plist;
				LD_RUNPATH_SEARCH_PATHS = "$(inherited) @executable_path/Frameworks";
				PRODUCT_BUNDLE_IDENTIFIER = "Swift-beginners2.Timer";
				PRODUCT_NAME = "$(TARGET_NAME)";
				SWIFT_VERSION = 4.0;
				TARGETED_DEVICE_FAMILY = "1,2";
			};
			name = Release;
		};
/* End XCBuildConfiguration section */

/* Begin XCConfigurationList section */
		FD954826203F0CAA00F0E9C9 /* Build configuration list for PBXProject "Timer" */ = {
			isa = XCConfigurationList;
			buildConfigurations = (
				FD95483B203F0CAA00F0E9C9 /* Debug */,
				FD95483C203F0CAA00F0E9C9 /* Release */,
			);
			defaultConfigurationIsVisible = 0;
			defaultConfigurationName = Release;
		};
		FD95483D203F0CAA00F0E9C9 /* Build configuration list for PBXNativeTarget "Timer" */ = {
			isa = XCConfigurationList;
			buildConfigurations = (
				FD95483E203F0CAA00F0E9C9 /* Debug */,
				FD95483F203F0CAA00F0E9C9 /* Release */,
			);
			defaultConfigurationIsVisible = 0;
			defaultConfigurationName = Release;
		};
/* End XCConfigurationList section */
	};
	rootObject = FD954823203F0CAA00F0E9C9 /* Project object */;
}
